dependencies:
- name: common
  repository: https://charts.bitnami.com/bitnami
  version: 2.2.4
- name: harness-common
  repository: https://harness.github.io/helm-common
  version: 1.0.6
digest: sha256:b3d5f807de9ea931cd2a1c6f09ce6fa6ecd71a58cf44ae5346b22c849cc9f92a
generated: "2023-03-23T17:20:22.890993+05:30"
