dependencies:
- name: access-control
  repository: file://access-control
  version: 0.2.10
- name: change-data-capture
  repository: file://change-data-capture
  version: 0.2.10
- name: cv-nextgen
  repository: file://cv-nextgen
  version: 0.2.17
- name: gateway
  repository: file://gateway
  version: 0.2.9
- name: harness-secrets
  repository: file://secrets
  version: 0.2.5
- name: harness-manager
  repository: file://harness-manager
  version: 0.2.40
- name: delegate-proxy
  repository: file://delegate-proxy
  version: 0.2.5
- name: le-nextgen
  repository: file://le-nextgen
  version: 0.2.3
- name: log-service
  repository: file://log-service
  version: 0.2.11
- name: minio
  repository: https://charts.bitnami.com/bitnami
  version: 11.9.1
- name: mongodb
  repository: https://charts.bitnami.com/bitnami
  version: 13.1.2
- name: next-gen-ui
  repository: file://next-gen-ui
  version: 0.2.6
- name: ng-auth-ui
  repository: file://ng-auth-ui
  version: 0.2.2
- name: ng-manager
  repository: file://ng-manager
  version: 0.2.28
- name: pipeline-service
  repository: file://pipeline-service
  version: 0.2.15
- name: platform-service
  repository: file://platform-service
  version: 0.2.10
- name: redis
  repository: https://harness.github.io/helm-redis
  version: 0.2.2
- name: scm-service
  repository: file://scm-service
  version: 0.2.1
- name: template-service
  repository: file://template-service
  version: 0.2.14
- name: ti-service
  repository: file://ti-service
  version: 0.2.10
- name: timescaledb
  repository: https://harness.github.io/helm-timescaledb
  version: 0.2.14
digest: sha256:ef7dbc8f84093d2324e1da5d43c676cb3f2f81dbdb4f2cb4ada5a0bef29ad5ed
generated: "2022-12-20T12:50:08.72664+05:30"
