dependencies:
- name: access-control
  repository: file://../access-control
  version: 0.3.5
- name: change-data-capture
  repository: file://../change-data-capture
  version: 0.3.2
- name: cv-nextgen
  repository: file://../cv-nextgen
  version: 0.3.2
- name: gateway
  repository: file://../gateway
  version: 0.3.4
- name: harness-secrets
  repository: file://../secrets
  version: 0.3.1
- name: harness-manager
  repository: file://../harness-manager
  version: 0.4.5
- name: delegate-proxy
  repository: file://../delegate-proxy
  version: 0.3.2
- name: le-nextgen
  repository: file://../le-nextgen
  version: 0.3.1
- name: learning-engine
  repository: file://../learning-engine
  version: 0.4.1
- name: log-service
  repository: file://../log-service
  version: 0.3.0
- name: migrator
  repository: file://../migrator
  version: 0.3.3
- name: minio
  repository: https://charts.bitnami.com/bitnami
  version: 12.6.3
- name: mongodb
  repository: https://charts.bitnami.com/bitnami
  version: 13.1.2
- name: next-gen-ui
  repository: file://../next-gen-ui
  version: 0.3.1
- name: ng-auth-ui
  repository: file://../ng-auth-ui
  version: 0.3.1
- name: ng-manager
  repository: file://../ng-manager
  version: 0.3.8
- name: pipeline-service
  repository: file://../pipeline-service
  version: 0.3.4
- name: platform-service
  repository: file://../platform-service
  version: 0.3.2
- name: redis
  repository: https://harness.github.io/helm-redis
  version: 0.2.9
- name: scm-service
  repository: file://../scm-service
  version: 0.3.1
- name: template-service
  repository: file://../template-service
  version: 0.3.3
- name: ti-service
  repository: file://../ti-service
  version: 0.3.2
- name: timescaledb
  repository: https://harness.github.io/helm-timescaledb
  version: 0.2.22
- name: ui
  repository: file://../ui
  version: 0.4.1
- name: verification-svc
  repository: file://../verification-svc
  version: 0.4.4
digest: sha256:1285534589f95264b783391b6a1052437af1c800ed70ef7a5d24ab1c677714e2
generated: "2023-06-26T16:20:36.018855-04:00"
